{
  "pins" : [
    {
      "identity" : "keyboardkit",
      "kind" : "remoteSourceControl",
      "location" : "https://github.com/KeyboardKit/KeyboardKit.git",
      "state" : {
        "revision" : "06ccde1d86b1f3984d0b008d50575c688172c347",
        "version" : "7.3.0"
      }
    }
  ],
  "version" : 2
}
