// !$*UTF8*$!
{
	archiveVersion = 1;
	classes = {
	};
	objectVersion = 56;
	objects = {

/* Begin PBXBuildFile section */
		285A81752A12E46A00ED7608 /* KeyboardView.swift in Sources */ = {isa = PBXBuildFile; fileRef = 285A81742A12E46A00ED7608 /* KeyboardView.swift */; };
		285A81782A12E77F00ED7608 /* Constants.swift in Sources */ = {isa = PBXBuildFile; fileRef = 285A81772A12E77F00ED7608 /* Constants.swift */; };
		285A81792A12E77F00ED7608 /* Constants.swift in Sources */ = {isa = PBXBuildFile; fileRef = 285A81772A12E77F00ED7608 /* Constants.swift */; };
		285A817B2A12E93100ED7608 /* TranscribeButton.swift in Sources */ = {isa = PBXBuildFile; fileRef = 285A817A2A12E93100ED7608 /* TranscribeButton.swift */; };
		285A817C2A12E93100ED7608 /* TranscribeButton.swift in Sources */ = {isa = PBXBuildFile; fileRef = 285A817A2A12E93100ED7608 /* TranscribeButton.swift */; };
		28741D6E2A06F5EC00D29899 /* Helper.swift in Sources */ = {isa = PBXBuildFile; fileRef = 28741D6D2A06F5EC00D29899 /* Helper.swift */; };
		2880023E2A0C3B5200045F40 /* InstallInstructions.swift in Sources */ = {isa = PBXBuildFile; fileRef = 2880023D2A0C3B5200045F40 /* InstallInstructions.swift */; };
		288002402A0C3BB600045F40 /* Playground.swift in Sources */ = {isa = PBXBuildFile; fileRef = 2880023F2A0C3BB600045F40 /* Playground.swift */; };
		289584DA2A182FB7001425B8 /* DictationAssembly.swift in Sources */ = {isa = PBXBuildFile; fileRef = 289584D92A182FB7001425B8 /* DictationAssembly.swift */; };
		2895851B2A23D88C001425B8 /* AssemblySocket.swift in Sources */ = {isa = PBXBuildFile; fileRef = 2895851A2A23D88C001425B8 /* AssemblySocket.swift */; };
		289585212A273B6A001425B8 /* StreamingAudioRecorder.swift in Sources */ = {isa = PBXBuildFile; fileRef = 289585202A273B6A001425B8 /* StreamingAudioRecorder.swift */; };
		28B9A7E92A47CD0100109C6C /* StopRecording.swift in Sources */ = {isa = PBXBuildFile; fileRef = 28B9A7E82A47CD0100109C6C /* StopRecording.swift */; };
		28C14E792A0D7E7C00106EA3 /* Settings.bundle in Resources */ = {isa = PBXBuildFile; fileRef = 28C14E782A0D7E7C00106EA3 /* Settings.bundle */; };
		28C14E7A2A0D7E7C00106EA3 /* Settings.bundle in Resources */ = {isa = PBXBuildFile; fileRef = 28C14E782A0D7E7C00106EA3 /* Settings.bundle */; };
		28CF45072A33D08B00B8F52C /* API.swift in Sources */ = {isa = PBXBuildFile; fileRef = 28CF45062A33D08B00B8F52C /* API.swift */; };
		28CF45092A38E5B800B8F52C /* DictationWhisper.swift in Sources */ = {isa = PBXBuildFile; fileRef = 28CF45082A38E5B800B8F52C /* DictationWhisper.swift */; };
		28CF450B2A38EA4800B8F52C /* AudioRecorder.swift in Sources */ = {isa = PBXBuildFile; fileRef = 28CF450A2A38EA4800B8F52C /* AudioRecorder.swift */; };
		28CF450E2A3A249600B8F52C /* API.swift in Sources */ = {isa = PBXBuildFile; fileRef = 28CF45062A33D08B00B8F52C /* API.swift */; };
		28CF450F2A3A397200B8F52C /* URLProxy.framework in Frameworks */ = {isa = PBXBuildFile; fileRef = 289585112A22F847001425B8 /* URLProxy.framework */; };
		28CF45102A3A397200B8F52C /* URLProxy.framework in Embed Frameworks */ = {isa = PBXBuildFile; fileRef = 289585112A22F847001425B8 /* URLProxy.framework */; settings = {ATTRIBUTES = (CodeSignOnCopy, RemoveHeadersOnCopy, ); }; };
		28CF45192A3A749900B8F52C /* RewriteButton.swift in Sources */ = {isa = PBXBuildFile; fileRef = 28CF45182A3A749900B8F52C /* RewriteButton.swift */; };
		28EE553E29EE34B600CEF0C6 /* KeyboardKit in Frameworks */ = {isa = PBXBuildFile; productRef = 28EE553D29EE34B600CEF0C6 /* KeyboardKit */; };
		28EE554029EE35BD00CEF0C6 /* KeyboardKit in Frameworks */ = {isa = PBXBuildFile; productRef = 28EE553F29EE35BD00CEF0C6 /* KeyboardKit */; };
		28EE554429EE360000CEF0C6 /* KeyboardActionHandler.swift in Sources */ = {isa = PBXBuildFile; fileRef = 28EE554329EE360000CEF0C6 /* KeyboardActionHandler.swift */; };
		28EE554629EE361300CEF0C6 /* KeyboardLayoutProvider.swift in Sources */ = {isa = PBXBuildFile; fileRef = 28EE554529EE361300CEF0C6 /* KeyboardLayoutProvider.swift */; };
		28F11CA429EE2E6700ED00D9 /* dyslexiaApp.swift in Sources */ = {isa = PBXBuildFile; fileRef = 28F11CA329EE2E6700ED00D9 /* dyslexiaApp.swift */; };
		28F11CA629EE2E6700ED00D9 /* ContentView.swift in Sources */ = {isa = PBXBuildFile; fileRef = 28F11CA529EE2E6700ED00D9 /* ContentView.swift */; };
		28F11CA829EE2E6900ED00D9 /* Assets.xcassets in Resources */ = {isa = PBXBuildFile; fileRef = 28F11CA729EE2E6900ED00D9 /* Assets.xcassets */; };
		28F11CAB29EE2E6900ED00D9 /* Preview Assets.xcassets in Resources */ = {isa = PBXBuildFile; fileRef = 28F11CAA29EE2E6900ED00D9 /* Preview Assets.xcassets */; };
		28F11CBB29EE312600ED00D9 /* KeyboardViewController.swift in Sources */ = {isa = PBXBuildFile; fileRef = 28F11CBA29EE312600ED00D9 /* KeyboardViewController.swift */; };
		28F11CBF29EE312600ED00D9 /* keyboard.appex in Embed Foundation Extensions */ = {isa = PBXBuildFile; fileRef = 28F11CB829EE312600ED00D9 /* keyboard.appex */; settings = {ATTRIBUTES = (RemoveHeadersOnCopy, ); }; };
/* End PBXBuildFile section */

/* Begin PBXContainerItemProxy section */
		289585102A22F847001425B8 /* PBXContainerItemProxy */ = {
			isa = PBXContainerItemProxy;
			containerPortal = 2895850C2A22F847001425B8 /* URLProxy.xcodeproj */;
			proxyType = 2;
			remoteGlobalIDString = 289585022A22F847001425B8;
			remoteInfo = URLProxy;
		};
		28F11CBD29EE312600ED00D9 /* PBXContainerItemProxy */ = {
			isa = PBXContainerItemProxy;
			containerPortal = 28F11C9829EE2E6700ED00D9 /* Project object */;
			proxyType = 1;
			remoteGlobalIDString = 28F11CB729EE312600ED00D9;
			remoteInfo = keyboard;
		};
/* End PBXContainerItemProxy section */

/* Begin PBXCopyFilesBuildPhase section */
		28CF45112A3A397300B8F52C /* Embed Frameworks */ = {
			isa = PBXCopyFilesBuildPhase;
			buildActionMask = 2147483647;
			dstPath = "";
			dstSubfolderSpec = 10;
			files = (
				28CF45102A3A397200B8F52C /* URLProxy.framework in Embed Frameworks */,
			);
			name = "Embed Frameworks";
			runOnlyForDeploymentPostprocessing = 0;
		};
		28F11CC329EE312600ED00D9 /* Embed Foundation Extensions */ = {
			isa = PBXCopyFilesBuildPhase;
			buildActionMask = 2147483647;
			dstPath = "";
			dstSubfolderSpec = 13;
			files = (
				28F11CBF29EE312600ED00D9 /* keyboard.appex in Embed Foundation Extensions */,
			);
			name = "Embed Foundation Extensions";
			runOnlyForDeploymentPostprocessing = 0;
		};
/* End PBXCopyFilesBuildPhase section */

/* Begin PBXFileReference section */
		285A81742A12E46A00ED7608 /* KeyboardView.swift */ = {isa = PBXFileReference; lastKnownFileType = sourcecode.swift; path = KeyboardView.swift; sourceTree = "<group>"; };
		285A81772A12E77F00ED7608 /* Constants.swift */ = {isa = PBXFileReference; lastKnownFileType = sourcecode.swift; path = Constants.swift; sourceTree = "<group>"; };
		285A817A2A12E93100ED7608 /* TranscribeButton.swift */ = {isa = PBXFileReference; lastKnownFileType = sourcecode.swift; path = TranscribeButton.swift; sourceTree = "<group>"; };
		28741D6D2A06F5EC00D29899 /* Helper.swift */ = {isa = PBXFileReference; lastKnownFileType = sourcecode.swift; path = Helper.swift; sourceTree = "<group>"; };
		2880023D2A0C3B5200045F40 /* InstallInstructions.swift */ = {isa = PBXFileReference; lastKnownFileType = sourcecode.swift; path = InstallInstructions.swift; sourceTree = "<group>"; };
		2880023F2A0C3BB600045F40 /* Playground.swift */ = {isa = PBXFileReference; lastKnownFileType = sourcecode.swift; path = Playground.swift; sourceTree = "<group>"; };
		289584D92A182FB7001425B8 /* DictationAssembly.swift */ = {isa = PBXFileReference; lastKnownFileType = sourcecode.swift; path = DictationAssembly.swift; sourceTree = "<group>"; };
		289584DB2A18309E001425B8 /* dyslexia.entitlements */ = {isa = PBXFileReference; lastKnownFileType = text.plist.entitlements; path = dyslexia.entitlements; sourceTree = "<group>"; };
		289584DC2A1830A6001425B8 /* keyboard.entitlements */ = {isa = PBXFileReference; lastKnownFileType = text.plist.entitlements; path = keyboard.entitlements; sourceTree = "<group>"; };
		289584DD2A1830B8001425B8 /* Info.plist */ = {isa = PBXFileReference; lastKnownFileType = text.plist.xml; path = Info.plist; sourceTree = "<group>"; };
		2895850C2A22F847001425B8 /* URLProxy.xcodeproj */ = {isa = PBXFileReference; lastKnownFileType = "wrapper.pb-project"; name = URLProxy.xcodeproj; path = URLProxy/URLProxy.xcodeproj; sourceTree = SOURCE_ROOT; };
		2895851A2A23D88C001425B8 /* AssemblySocket.swift */ = {isa = PBXFileReference; lastKnownFileType = sourcecode.swift; path = AssemblySocket.swift; sourceTree = "<group>"; };
		289585202A273B6A001425B8 /* StreamingAudioRecorder.swift */ = {isa = PBXFileReference; lastKnownFileType = sourcecode.swift; path = StreamingAudioRecorder.swift; sourceTree = "<group>"; };
		28B9A7E82A47CD0100109C6C /* StopRecording.swift */ = {isa = PBXFileReference; lastKnownFileType = sourcecode.swift; path = StopRecording.swift; sourceTree = "<group>"; };
		28C14E782A0D7E7C00106EA3 /* Settings.bundle */ = {isa = PBXFileReference; lastKnownFileType = "wrapper.plug-in"; path = Settings.bundle; sourceTree = "<group>"; };
		28CF45062A33D08B00B8F52C /* API.swift */ = {isa = PBXFileReference; lastKnownFileType = sourcecode.swift; path = API.swift; sourceTree = "<group>"; };
		28CF45082A38E5B800B8F52C /* DictationWhisper.swift */ = {isa = PBXFileReference; lastKnownFileType = sourcecode.swift; path = DictationWhisper.swift; sourceTree = "<group>"; };
		28CF450A2A38EA4800B8F52C /* AudioRecorder.swift */ = {isa = PBXFileReference; lastKnownFileType = sourcecode.swift; path = AudioRecorder.swift; sourceTree = "<group>"; };
		28CF45182A3A749900B8F52C /* RewriteButton.swift */ = {isa = PBXFileReference; lastKnownFileType = sourcecode.swift; path = RewriteButton.swift; sourceTree = "<group>"; };
		28EE554329EE360000CEF0C6 /* KeyboardActionHandler.swift */ = {isa = PBXFileReference; lastKnownFileType = sourcecode.swift; path = KeyboardActionHandler.swift; sourceTree = "<group>"; };
		28EE554529EE361300CEF0C6 /* KeyboardLayoutProvider.swift */ = {isa = PBXFileReference; lastKnownFileType = sourcecode.swift; path = KeyboardLayoutProvider.swift; sourceTree = "<group>"; };
		28F11CA029EE2E6700ED00D9 /* dyslexia.app */ = {isa = PBXFileReference; explicitFileType = wrapper.application; includeInIndex = 0; path = dyslexia.app; sourceTree = BUILT_PRODUCTS_DIR; };
		28F11CA329EE2E6700ED00D9 /* dyslexiaApp.swift */ = {isa = PBXFileReference; lastKnownFileType = sourcecode.swift; path = dyslexiaApp.swift; sourceTree = "<group>"; };
		28F11CA529EE2E6700ED00D9 /* ContentView.swift */ = {isa = PBXFileReference; lastKnownFileType = sourcecode.swift; path = ContentView.swift; sourceTree = "<group>"; };
		28F11CA729EE2E6900ED00D9 /* Assets.xcassets */ = {isa = PBXFileReference; lastKnownFileType = folder.assetcatalog; path = Assets.xcassets; sourceTree = "<group>"; };
		28F11CAA29EE2E6900ED00D9 /* Preview Assets.xcassets */ = {isa = PBXFileReference; lastKnownFileType = folder.assetcatalog; path = "Preview Assets.xcassets"; sourceTree = "<group>"; };
		28F11CB829EE312600ED00D9 /* keyboard.appex */ = {isa = PBXFileReference; explicitFileType = "wrapper.app-extension"; includeInIndex = 0; path = keyboard.appex; sourceTree = BUILT_PRODUCTS_DIR; };
		28F11CBA29EE312600ED00D9 /* KeyboardViewController.swift */ = {isa = PBXFileReference; lastKnownFileType = sourcecode.swift; path = KeyboardViewController.swift; sourceTree = "<group>"; };
		28F11CBC29EE312600ED00D9 /* Info.plist */ = {isa = PBXFileReference; lastKnownFileType = text.plist.xml; path = Info.plist; sourceTree = "<group>"; };
/* End PBXFileReference section */

/* Begin PBXFrameworksBuildPhase section */
		28F11C9D29EE2E6700ED00D9 /* Frameworks */ = {
			isa = PBXFrameworksBuildPhase;
			buildActionMask = 2147483647;
			files = (
				28EE553E29EE34B600CEF0C6 /* KeyboardKit in Frameworks */,
				28CF450F2A3A397200B8F52C /* URLProxy.framework in Frameworks */,
			);
			runOnlyForDeploymentPostprocessing = 0;
		};
		28F11CB529EE312600ED00D9 /* Frameworks */ = {
			isa = PBXFrameworksBuildPhase;
			buildActionMask = 2147483647;
			files = (
				28EE554029EE35BD00CEF0C6 /* KeyboardKit in Frameworks */,
			);
			runOnlyForDeploymentPostprocessing = 0;
		};
/* End PBXFrameworksBuildPhase section */

/* Begin PBXGroup section */
		2895850D2A22F847001425B8 /* Products */ = {
			isa = PBXGroup;
			children = (
				289585112A22F847001425B8 /* URLProxy.framework */,
			);
			name = Products;
			sourceTree = "<group>";
		};
		28F11C9729EE2E6700ED00D9 = {
			isa = PBXGroup;
			children = (
				28F11CA229EE2E6700ED00D9 /* dyslexia */,
				28F11CB929EE312600ED00D9 /* keyboard */,
				28F11CA129EE2E6700ED00D9 /* Products */,
				28F11CC429EE315C00ED00D9 /* Frameworks */,
			);
			sourceTree = "<group>";
		};
		28F11CA129EE2E6700ED00D9 /* Products */ = {
			isa = PBXGroup;
			children = (
				28F11CA029EE2E6700ED00D9 /* dyslexia.app */,
				28F11CB829EE312600ED00D9 /* keyboard.appex */,
			);
			name = Products;
			sourceTree = "<group>";
		};
		28F11CA229EE2E6700ED00D9 /* dyslexia */ = {
			isa = PBXGroup;
			children = (
				2895850C2A22F847001425B8 /* URLProxy.xcodeproj */,
				289584DD2A1830B8001425B8 /* Info.plist */,
				289584DB2A18309E001425B8 /* dyslexia.entitlements */,
				28F11CA329EE2E6700ED00D9 /* dyslexiaApp.swift */,
				28C14E782A0D7E7C00106EA3 /* Settings.bundle */,
				28F11CA529EE2E6700ED00D9 /* ContentView.swift */,
				28CF45062A33D08B00B8F52C /* API.swift */,
				2880023D2A0C3B5200045F40 /* InstallInstructions.swift */,
				2880023F2A0C3BB600045F40 /* Playground.swift */,
				289584D92A182FB7001425B8 /* DictationAssembly.swift */,
				28CF45082A38E5B800B8F52C /* DictationWhisper.swift */,
				2895851A2A23D88C001425B8 /* AssemblySocket.swift */,
				289585202A273B6A001425B8 /* StreamingAudioRecorder.swift */,
				285A81772A12E77F00ED7608 /* Constants.swift */,
				28CF450A2A38EA4800B8F52C /* AudioRecorder.swift */,
				28741D6D2A06F5EC00D29899 /* Helper.swift */,
				28F11CA729EE2E6900ED00D9 /* Assets.xcassets */,
				28F11CA929EE2E6900ED00D9 /* Preview Content */,
			);
			path = dyslexia;
			sourceTree = "<group>";
		};
		28F11CA929EE2E6900ED00D9 /* Preview Content */ = {
			isa = PBXGroup;
			children = (
				28F11CAA29EE2E6900ED00D9 /* Preview Assets.xcassets */,
			);
			path = "Preview Content";
			sourceTree = "<group>";
		};
		28F11CB929EE312600ED00D9 /* keyboard */ = {
			isa = PBXGroup;
			children = (
				289584DC2A1830A6001425B8 /* keyboard.entitlements */,
				28F11CBA29EE312600ED00D9 /* KeyboardViewController.swift */,
				28EE554329EE360000CEF0C6 /* KeyboardActionHandler.swift */,
				285A817A2A12E93100ED7608 /* TranscribeButton.swift */,
				28B9A7E82A47CD0100109C6C /* StopRecording.swift */,
				28CF45182A3A749900B8F52C /* RewriteButton.swift */,
				285A81742A12E46A00ED7608 /* KeyboardView.swift */,
				28EE554529EE361300CEF0C6 /* KeyboardLayoutProvider.swift */,
				28F11CBC29EE312600ED00D9 /* Info.plist */,
			);
			path = keyboard;
			sourceTree = "<group>";
		};
		28F11CC429EE315C00ED00D9 /* Frameworks */ = {
			isa = PBXGroup;
			children = (
			);
			name = Frameworks;
			sourceTree = "<group>";
		};
/* End PBXGroup section */

/* Begin PBXNativeTarget section */
		28F11C9F29EE2E6700ED00D9 /* dyslexia */ = {
			isa = PBXNativeTarget;
			buildConfigurationList = 28F11CAE29EE2E6900ED00D9 /* Build configuration list for PBXNativeTarget "dyslexia" */;
			buildPhases = (
				28F11C9C29EE2E6700ED00D9 /* Sources */,
				28F11C9D29EE2E6700ED00D9 /* Frameworks */,
				28F11C9E29EE2E6700ED00D9 /* Resources */,
				28F11CC329EE312600ED00D9 /* Embed Foundation Extensions */,
				28CF45112A3A397300B8F52C /* Embed Frameworks */,
			);
			buildRules = (
			);
			dependencies = (
				28F11CBE29EE312600ED00D9 /* PBXTargetDependency */,
			);
			name = dyslexia;
			packageProductDependencies = (
				28EE553D29EE34B600CEF0C6 /* KeyboardKit */,
			);
			productName = dyslexia;
			productReference = 28F11CA029EE2E6700ED00D9 /* dyslexia.app */;
			productType = "com.apple.product-type.application";
		};
		28F11CB729EE312600ED00D9 /* keyboard */ = {
			isa = PBXNativeTarget;
			buildConfigurationList = 28F11CC029EE312600ED00D9 /* Build configuration list for PBXNativeTarget "keyboard" */;
			buildPhases = (
				28F11CB429EE312600ED00D9 /* Sources */,
				28F11CB529EE312600ED00D9 /* Frameworks */,
				28F11CB629EE312600ED00D9 /* Resources */,
			);
			buildRules = (
			);
			dependencies = (
			);
			name = keyboard;
			packageProductDependencies = (
				28EE553F29EE35BD00CEF0C6 /* KeyboardKit */,
			);
			productName = keyboard;
			productReference = 28F11CB829EE312600ED00D9 /* keyboard.appex */;
			productType = "com.apple.product-type.app-extension";
		};
/* End PBXNativeTarget section */

/* Begin PBXProject section */
		28F11C9829EE2E6700ED00D9 /* Project object */ = {
			isa = PBXProject;
			attributes = {
				BuildIndependentTargetsInParallel = 1;
				LastSwiftUpdateCheck = 1420;
				LastUpgradeCheck = 1420;
				TargetAttributes = {
					28F11C9F29EE2E6700ED00D9 = {
						CreatedOnToolsVersion = 14.2;
					};
					28F11CB729EE312600ED00D9 = {
						CreatedOnToolsVersion = 14.2;
					};
				};
			};
			buildConfigurationList = 28F11C9B29EE2E6700ED00D9 /* Build configuration list for PBXProject "dyslexia" */;
			compatibilityVersion = "Xcode 14.0";
			developmentRegion = en;
			hasScannedForEncodings = 0;
			knownRegions = (
				en,
				Base,
			);
			mainGroup = 28F11C9729EE2E6700ED00D9;
			packageReferences = (
				28EE553C29EE34B600CEF0C6 /* XCRemoteSwiftPackageReference "KeyboardKit" */,
			);
			productRefGroup = 28F11CA129EE2E6700ED00D9 /* Products */;
			projectDirPath = "";
			projectReferences = (
				{
					ProductGroup = 2895850D2A22F847001425B8 /* Products */;
					ProjectRef = 2895850C2A22F847001425B8 /* URLProxy.xcodeproj */;
				},
			);
			projectRoot = "";
			targets = (
				28F11C9F29EE2E6700ED00D9 /* dyslexia */,
				28F11CB729EE312600ED00D9 /* keyboard */,
			);
		};
/* End PBXProject section */

/* Begin PBXReferenceProxy section */
		289585112A22F847001425B8 /* URLProxy.framework */ = {
			isa = PBXReferenceProxy;
			fileType = wrapper.framework;
			path = URLProxy.framework;
			remoteRef = 289585102A22F847001425B8 /* PBXContainerItemProxy */;
			sourceTree = BUILT_PRODUCTS_DIR;
		};
/* End PBXReferenceProxy section */

/* Begin PBXResourcesBuildPhase section */
		28F11C9E29EE2E6700ED00D9 /* Resources */ = {
			isa = PBXResourcesBuildPhase;
			buildActionMask = 2147483647;
			files = (
				28F11CAB29EE2E6900ED00D9 /* Preview Assets.xcassets in Resources */,
				28C14E792A0D7E7C00106EA3 /* Settings.bundle in Resources */,
				28F11CA829EE2E6900ED00D9 /* Assets.xcassets in Resources */,
			);
			runOnlyForDeploymentPostprocessing = 0;
		};
		28F11CB629EE312600ED00D9 /* Resources */ = {
			isa = PBXResourcesBuildPhase;
			buildActionMask = 2147483647;
			files = (
				28C14E7A2A0D7E7C00106EA3 /* Settings.bundle in Resources */,
			);
			runOnlyForDeploymentPostprocessing = 0;
		};
/* End PBXResourcesBuildPhase section */

/* Begin PBXSourcesBuildPhase section */
		28F11C9C29EE2E6700ED00D9 /* Sources */ = {
			isa = PBXSourcesBuildPhase;
			buildActionMask = 2147483647;
			files = (
				28CF45072A33D08B00B8F52C /* API.swift in Sources */,
				2880023E2A0C3B5200045F40 /* InstallInstructions.swift in Sources */,
				289584DA2A182FB7001425B8 /* DictationAssembly.swift in Sources */,
				289585212A273B6A001425B8 /* StreamingAudioRecorder.swift in Sources */,
				285A81782A12E77F00ED7608 /* Constants.swift in Sources */,
				288002402A0C3BB600045F40 /* Playground.swift in Sources */,
				285A817B2A12E93100ED7608 /* TranscribeButton.swift in Sources */,
				28F11CA629EE2E6700ED00D9 /* ContentView.swift in Sources */,
				28CF450B2A38EA4800B8F52C /* AudioRecorder.swift in Sources */,
				28741D6E2A06F5EC00D29899 /* Helper.swift in Sources */,
				28F11CA429EE2E6700ED00D9 /* dyslexiaApp.swift in Sources */,
				28CF45092A38E5B800B8F52C /* DictationWhisper.swift in Sources */,
				2895851B2A23D88C001425B8 /* AssemblySocket.swift in Sources */,
			);
			runOnlyForDeploymentPostprocessing = 0;
		};
		28F11CB429EE312600ED00D9 /* Sources */ = {
			isa = PBXSourcesBuildPhase;
			buildActionMask = 2147483647;
			files = (
				285A817C2A12E93100ED7608 /* TranscribeButton.swift in Sources */,
				285A81792A12E77F00ED7608 /* Constants.swift in Sources */,
				28F11CBB29EE312600ED00D9 /* KeyboardViewController.swift in Sources */,
				285A81752A12E46A00ED7608 /* KeyboardView.swift in Sources */,
				28CF45192A3A749900B8F52C /* RewriteButton.swift in Sources */,
				28EE554629EE361300CEF0C6 /* KeyboardLayoutProvider.swift in Sources */,
				28EE554429EE360000CEF0C6 /* KeyboardActionHandler.swift in Sources */,
				28CF450E2A3A249600B8F52C /* API.swift in Sources */,
				28B9A7E92A47CD0100109C6C /* StopRecording.swift in Sources */,
			);
			runOnlyForDeploymentPostprocessing = 0;
		};
/* End PBXSourcesBuildPhase section */

/* Begin PBXTargetDependency section */
		28F11CBE29EE312600ED00D9 /* PBXTargetDependency */ = {
			isa = PBXTargetDependency;
			target = 28F11CB729EE312600ED00D9 /* keyboard */;
			targetProxy = 28F11CBD29EE312600ED00D9 /* PBXContainerItemProxy */;
		};
/* End PBXTargetDependency section */

/* Begin XCBuildConfiguration section */
		28F11CAC29EE2E6900ED00D9 /* Debug */ = {
			isa = XCBuildConfiguration;
			buildSettings = {
				ALWAYS_SEARCH_USER_PATHS = NO;
				CLANG_ANALYZER_NONNULL = YES;
				CLANG_ANALYZER_NUMBER_OBJECT_CONVERSION = YES_AGGRESSIVE;
				CLANG_CXX_LANGUAGE_STANDARD = "gnu++20";
				CLANG_ENABLE_MODULES = YES;
				CLANG_ENABLE_OBJC_ARC = YES;
				CLANG_ENABLE_OBJC_WEAK = YES;
				CLANG_WARN_BLOCK_CAPTURE_AUTORELEASING = YES;
				CLANG_WARN_BOOL_CONVERSION = YES;
				CLANG_WARN_COMMA = YES;
				CLANG_WARN_CONSTANT_CONVERSION = YES;
				CLANG_WARN_DEPRECATED_OBJC_IMPLEMENTATIONS = YES;
				CLANG_WARN_DIRECT_OBJC_ISA_USAGE = YES_ERROR;
				CLANG_WARN_DOCUMENTATION_COMMENTS = YES;
				CLANG_WARN_EMPTY_BODY = YES;
				CLANG_WARN_ENUM_CONVERSION = YES;
				CLANG_WARN_INFINITE_RECURSION = YES;
				CLANG_WARN_INT_CONVERSION = YES;
				CLANG_WARN_NON_LITERAL_NULL_CONVERSION = YES;
				CLANG_WARN_OBJC_IMPLICIT_RETAIN_SELF = YES;
				CLANG_WARN_OBJC_LITERAL_CONVERSION = YES;
				CLANG_WARN_OBJC_ROOT_CLASS = YES_ERROR;
				CLANG_WARN_QUOTED_INCLUDE_IN_FRAMEWORK_HEADER = YES;
				CLANG_WARN_RANGE_LOOP_ANALYSIS = YES;
				CLANG_WARN_STRICT_PROTOTYPES = YES;
				CLANG_WARN_SUSPICIOUS_MOVE = YES;
				CLANG_WARN_UNGUARDED_AVAILABILITY = YES_AGGRESSIVE;
				CLANG_WARN_UNREACHABLE_CODE = YES;
				CLANG_WARN__DUPLICATE_METHOD_MATCH = YES;
				COPY_PHASE_STRIP = NO;
				DEBUG_INFORMATION_FORMAT = dwarf;
				ENABLE_STRICT_OBJC_MSGSEND = YES;
				ENABLE_TESTABILITY = YES;
				GCC_C_LANGUAGE_STANDARD = gnu11;
				GCC_DYNAMIC_NO_PIC = NO;
				GCC_NO_COMMON_BLOCKS = YES;
				GCC_OPTIMIZATION_LEVEL = 0;
				GCC_PREPROCESSOR_DEFINITIONS = (
					"DEBUG=1",
					"$(inherited)",
				);
				GCC_WARN_64_TO_32_BIT_CONVERSION = YES;
				GCC_WARN_ABOUT_RETURN_TYPE = YES_ERROR;
				GCC_WARN_UNDECLARED_SELECTOR = YES;
				GCC_WARN_UNINITIALIZED_AUTOS = YES_AGGRESSIVE;
				GCC_WARN_UNUSED_FUNCTION = YES;
				GCC_WARN_UNUSED_VARIABLE = YES;
				IPHONEOS_DEPLOYMENT_TARGET = 16.0;
				MTL_ENABLE_DEBUG_INFO = INCLUDE_SOURCE;
				MTL_FAST_MATH = YES;
				ONLY_ACTIVE_ARCH = YES;
				SDKROOT = iphoneos;
				SWIFT_ACTIVE_COMPILATION_CONDITIONS = DEBUG;
				SWIFT_OPTIMIZATION_LEVEL = "-Onone";
			};
			name = Debug;
		};
		28F11CAD29EE2E6900ED00D9 /* Release */ = {
			isa = XCBuildConfiguration;
			buildSettings = {
				ALWAYS_SEARCH_USER_PATHS = NO;
				CLANG_ANALYZER_NONNULL = YES;
				CLANG_ANALYZER_NUMBER_OBJECT_CONVERSION = YES_AGGRESSIVE;
				CLANG_CXX_LANGUAGE_STANDARD = "gnu++20";
				CLANG_ENABLE_MODULES = YES;
				CLANG_ENABLE_OBJC_ARC = YES;
				CLANG_ENABLE_OBJC_WEAK = YES;
				CLANG_WARN_BLOCK_CAPTURE_AUTORELEASING = YES;
				CLANG_WARN_BOOL_CONVERSION = YES;
				CLANG_WARN_COMMA = YES;
				CLANG_WARN_CONSTANT_CONVERSION = YES;
				CLANG_WARN_DEPRECATED_OBJC_IMPLEMENTATIONS = YES;
				CLANG_WARN_DIRECT_OBJC_ISA_USAGE = YES_ERROR;
				CLANG_WARN_DOCUMENTATION_COMMENTS = YES;
				CLANG_WARN_EMPTY_BODY = YES;
				CLANG_WARN_ENUM_CONVERSION = YES;
				CLANG_WARN_INFINITE_RECURSION = YES;
				CLANG_WARN_INT_CONVERSION = YES;
				CLANG_WARN_NON_LITERAL_NULL_CONVERSION = YES;
				CLANG_WARN_OBJC_IMPLICIT_RETAIN_SELF = YES;
				CLANG_WARN_OBJC_LITERAL_CONVERSION = YES;
				CLANG_WARN_OBJC_ROOT_CLASS = YES_ERROR;
				CLANG_WARN_QUOTED_INCLUDE_IN_FRAMEWORK_HEADER = YES;
				CLANG_WARN_RANGE_LOOP_ANALYSIS = YES;
				CLANG_WARN_STRICT_PROTOTYPES = YES;
				CLANG_WARN_SUSPICIOUS_MOVE = YES;
				CLANG_WARN_UNGUARDED_AVAILABILITY = YES_AGGRESSIVE;
				CLANG_WARN_UNREACHABLE_CODE = YES;
				CLANG_WARN__DUPLICATE_METHOD_MATCH = YES;
				COPY_PHASE_STRIP = NO;
				DEBUG_INFORMATION_FORMAT = "dwarf-with-dsym";
				ENABLE_NS_ASSERTIONS = NO;
				ENABLE_STRICT_OBJC_MSGSEND = YES;
				GCC_C_LANGUAGE_STANDARD = gnu11;
				GCC_NO_COMMON_BLOCKS = YES;
				GCC_WARN_64_TO_32_BIT_CONVERSION = YES;
				GCC_WARN_ABOUT_RETURN_TYPE = YES_ERROR;
				GCC_WARN_UNDECLARED_SELECTOR = YES;
				GCC_WARN_UNINITIALIZED_AUTOS = YES_AGGRESSIVE;
				GCC_WARN_UNUSED_FUNCTION = YES;
				GCC_WARN_UNUSED_VARIABLE = YES;
				IPHONEOS_DEPLOYMENT_TARGET = 16.0;
				MTL_ENABLE_DEBUG_INFO = NO;
				MTL_FAST_MATH = YES;
				SDKROOT = iphoneos;
				SWIFT_COMPILATION_MODE = wholemodule;
				SWIFT_OPTIMIZATION_LEVEL = "-O";
				VALIDATE_PRODUCT = YES;
			};
			name = Release;
		};
		28F11CAF29EE2E6900ED00D9 /* Debug */ = {
			isa = XCBuildConfiguration;
			buildSettings = {
				ALWAYS_EMBED_SWIFT_STANDARD_LIBRARIES = YES;
				ASSETCATALOG_COMPILER_APPICON_NAME = AppIcon;
				"ASSETCATALOG_COMPILER_APPICON_NAME[sdk=iphoneos*]" = AppIcon;
				ASSETCATALOG_COMPILER_GLOBAL_ACCENT_COLOR_NAME = AccentColor;
				ASSETCATALOG_COMPILER_INCLUDE_ALL_APPICON_ASSETS = NO;
				CODE_SIGN_ENTITLEMENTS = dyslexia/dyslexia.entitlements;
				CODE_SIGN_STYLE = Automatic;
				CURRENT_PROJECT_VERSION = 4;
				DEVELOPMENT_ASSET_PATHS = "\"dyslexia/Preview Content\"";
				DEVELOPMENT_TEAM = 372X4548N8;
				ENABLE_PREVIEWS = YES;
				GENERATE_INFOPLIST_FILE = YES;
				INFOPLIST_FILE = dyslexia/Info.plist;
				INFOPLIST_KEY_NSMicrophoneUsageDescription = "Microphone access allows us to convert your speech to text.";
				INFOPLIST_KEY_UIApplicationSceneManifest_Generation = YES;
				INFOPLIST_KEY_UIApplicationSupportsIndirectInputEvents = YES;
				INFOPLIST_KEY_UILaunchScreen_Generation = YES;
				INFOPLIST_KEY_UISupportedInterfaceOrientations_iPad = "UIInterfaceOrientationPortrait UIInterfaceOrientationPortraitUpsideDown UIInterfaceOrientationLandscapeLeft UIInterfaceOrientationLandscapeRight";
				INFOPLIST_KEY_UISupportedInterfaceOrientations_iPhone = "UIInterfaceOrientationPortrait UIInterfaceOrientationLandscapeLeft UIInterfaceOrientationLandscapeRight";
				LD_RUNPATH_SEARCH_PATHS = (
					"$(inherited)",
					"@executable_path/Frameworks",
				);
				MARKETING_VERSION = 1.0;
				PRODUCT_BUNDLE_IDENTIFIER = ibbi.dyslexia;
				PRODUCT_NAME = "$(TARGET_NAME)";
				SWIFT_EMIT_LOC_STRINGS = YES;
				SWIFT_VERSION = 5.0;
				TARGETED_DEVICE_FAMILY = "1,2";
			};
			name = Debug;
		};
		28F11CB029EE2E6900ED00D9 /* Release */ = {
			isa = XCBuildConfiguration;
			buildSettings = {
				ALWAYS_EMBED_SWIFT_STANDARD_LIBRARIES = YES;
				ASSETCATALOG_COMPILER_APPICON_NAME = AppIcon;
				"ASSETCATALOG_COMPILER_APPICON_NAME[sdk=iphoneos*]" = AppIcon;
				ASSETCATALOG_COMPILER_GLOBAL_ACCENT_COLOR_NAME = AccentColor;
				ASSETCATALOG_COMPILER_INCLUDE_ALL_APPICON_ASSETS = NO;
				CODE_SIGN_ENTITLEMENTS = dyslexia/dyslexia.entitlements;
				CODE_SIGN_STYLE = Automatic;
				CURRENT_PROJECT_VERSION = 4;
				DEVELOPMENT_ASSET_PATHS = "\"dyslexia/Preview Content\"";
				DEVELOPMENT_TEAM = 372X4548N8;
				ENABLE_PREVIEWS = YES;
				GENERATE_INFOPLIST_FILE = YES;
				INFOPLIST_FILE = dyslexia/Info.plist;
				INFOPLIST_KEY_NSMicrophoneUsageDescription = "Microphone access allows us to convert your speech to text.";
				INFOPLIST_KEY_UIApplicationSceneManifest_Generation = YES;
				INFOPLIST_KEY_UIApplicationSupportsIndirectInputEvents = YES;
				INFOPLIST_KEY_UILaunchScreen_Generation = YES;
				INFOPLIST_KEY_UISupportedInterfaceOrientations_iPad = "UIInterfaceOrientationPortrait UIInterfaceOrientationPortraitUpsideDown UIInterfaceOrientationLandscapeLeft UIInterfaceOrientationLandscapeRight";
				INFOPLIST_KEY_UISupportedInterfaceOrientations_iPhone = "UIInterfaceOrientationPortrait UIInterfaceOrientationLandscapeLeft UIInterfaceOrientationLandscapeRight";
				LD_RUNPATH_SEARCH_PATHS = (
					"$(inherited)",
					"@executable_path/Frameworks",
				);
				MARKETING_VERSION = 1.0;
				PRODUCT_BUNDLE_IDENTIFIER = ibbi.dyslexia;
				PRODUCT_NAME = "$(TARGET_NAME)";
				SWIFT_EMIT_LOC_STRINGS = YES;
				SWIFT_VERSION = 5.0;
				TARGETED_DEVICE_FAMILY = "1,2";
			};
			name = Release;
		};
		28F11CC129EE312600ED00D9 /* Debug */ = {
			isa = XCBuildConfiguration;
			buildSettings = {
				CODE_SIGN_ENTITLEMENTS = keyboard/keyboard.entitlements;
				CODE_SIGN_STYLE = Automatic;
				CURRENT_PROJECT_VERSION = 2;
				DEVELOPMENT_TEAM = 372X4548N8;
				GENERATE_INFOPLIST_FILE = YES;
				INFOPLIST_FILE = keyboard/Info.plist;
				INFOPLIST_KEY_CFBundleDisplayName = keyboard;
				INFOPLIST_KEY_NSHumanReadableCopyright = "";
				LD_RUNPATH_SEARCH_PATHS = (
					"$(inherited)",
					"@executable_path/Frameworks",
					"@executable_path/../../Frameworks",
				);
				MARKETING_VERSION = 1.0;
				PRODUCT_BUNDLE_IDENTIFIER = ibbi.dyslexia.keyboard;
				PRODUCT_NAME = "$(TARGET_NAME)";
				SKIP_INSTALL = YES;
				SWIFT_EMIT_LOC_STRINGS = YES;
				SWIFT_VERSION = 5.0;
				TARGETED_DEVICE_FAMILY = "1,2";
			};
			name = Debug;
		};
		28F11CC229EE312600ED00D9 /* Release */ = {
			isa = XCBuildConfiguration;
			buildSettings = {
				CODE_SIGN_ENTITLEMENTS = keyboard/keyboard.entitlements;
				CODE_SIGN_STYLE = Automatic;
				CURRENT_PROJECT_VERSION = 2;
				DEVELOPMENT_TEAM = 372X4548N8;
				GENERATE_INFOPLIST_FILE = YES;
				INFOPLIST_FILE = keyboard/Info.plist;
				INFOPLIST_KEY_CFBundleDisplayName = keyboard;
				INFOPLIST_KEY_NSHumanReadableCopyright = "";
				LD_RUNPATH_SEARCH_PATHS = (
					"$(inherited)",
					"@executable_path/Frameworks",
					"@executable_path/../../Frameworks",
				);
				MARKETING_VERSION = 1.0;
				PRODUCT_BUNDLE_IDENTIFIER = ibbi.dyslexia.keyboard;
				PRODUCT_NAME = "$(TARGET_NAME)";
				SKIP_INSTALL = YES;
				SWIFT_EMIT_LOC_STRINGS = YES;
				SWIFT_VERSION = 5.0;
				TARGETED_DEVICE_FAMILY = "1,2";
			};
			name = Release;
		};
/* End XCBuildConfiguration section */

/* Begin XCConfigurationList section */
		28F11C9B29EE2E6700ED00D9 /* Build configuration list for PBXProject "dyslexia" */ = {
			isa = XCConfigurationList;
			buildConfigurations = (
				28F11CAC29EE2E6900ED00D9 /* Debug */,
				28F11CAD29EE2E6900ED00D9 /* Release */,
			);
			defaultConfigurationIsVisible = 0;
			defaultConfigurationName = Release;
		};
		28F11CAE29EE2E6900ED00D9 /* Build configuration list for PBXNativeTarget "dyslexia" */ = {
			isa = XCConfigurationList;
			buildConfigurations = (
				28F11CAF29EE2E6900ED00D9 /* Debug */,
				28F11CB029EE2E6900ED00D9 /* Release */,
			);
			defaultConfigurationIsVisible = 0;
			defaultConfigurationName = Release;
		};
		28F11CC029EE312600ED00D9 /* Build configuration list for PBXNativeTarget "keyboard" */ = {
			isa = XCConfigurationList;
			buildConfigurations = (
				28F11CC129EE312600ED00D9 /* Debug */,
				28F11CC229EE312600ED00D9 /* Release */,
			);
			defaultConfigurationIsVisible = 0;
			defaultConfigurationName = Release;
		};
/* End XCConfigurationList section */

/* Begin XCRemoteSwiftPackageReference section */
		28EE553C29EE34B600CEF0C6 /* XCRemoteSwiftPackageReference "KeyboardKit" */ = {
			isa = XCRemoteSwiftPackageReference;
			repositoryURL = "https://github.com/KeyboardKit/KeyboardKit.git";
			requirement = {
				kind = upToNextMajorVersion;
				minimumVersion = 7.3.0;
			};
		};
/* End XCRemoteSwiftPackageReference section */

/* Begin XCSwiftPackageProductDependency section */
		28EE553D29EE34B600CEF0C6 /* KeyboardKit */ = {
			isa = XCSwiftPackageProductDependency;
			package = 28EE553C29EE34B600CEF0C6 /* XCRemoteSwiftPackageReference "KeyboardKit" */;
			productName = KeyboardKit;
		};
		28EE553F29EE35BD00CEF0C6 /* KeyboardKit */ = {
			isa = XCSwiftPackageProductDependency;
			package = 28EE553C29EE34B600CEF0C6 /* XCRemoteSwiftPackageReference "KeyboardKit" */;
			productName = KeyboardKit;
		};
/* End XCSwiftPackageProductDependency section */
	};
	rootObject = 28F11C9829EE2E6700ED00D9 /* Project object */;
}
