// !$*UTF8*$!
{
	archiveVersion = 1;
	classes = {
	};
	objectVersion = 55;
	objects = {

/* Begin PBXBuildFile section */
		13F28152CB663365F56CF2F4 /* libPods-lexia.a in Frameworks */ = {isa = PBXBuildFile; fileRef = 261311ED250E4D0FDEAD718F /* libPods-lexia.a */; };
		2806987829D0F51E007F5702 /* lexiaApp.swift in Sources */ = {isa = PBXBuildFile; fileRef = 2806987729D0F51E007F5702 /* lexiaApp.swift */; };
		2806987A29D0F51E007F5702 /* ContentView.swift in Sources */ = {isa = PBXBuildFile; fileRef = 2806987929D0F51E007F5702 /* ContentView.swift */; };
		2806987C29D0F51F007F5702 /* Assets.xcassets in Resources */ = {isa = PBXBuildFile; fileRef = 2806987B29D0F51F007F5702 /* Assets.xcassets */; };
		2806987F29D0F51F007F5702 /* Preview Assets.xcassets in Resources */ = {isa = PBXBuildFile; fileRef = 2806987E29D0F51F007F5702 /* Preview Assets.xcassets */; };
		280698A829D0F680007F5702 /* KeyboardViewController.swift in Sources */ = {isa = PBXBuildFile; fileRef = 280698A729D0F680007F5702 /* KeyboardViewController.swift */; };
		280698AC29D0F680007F5702 /* LexiaKeyboard.appex in Embed App Extensions */ = {isa = PBXBuildFile; fileRef = 280698A529D0F680007F5702 /* LexiaKeyboard.appex */; settings = {ATTRIBUTES = (RemoveHeadersOnCopy, ); }; };
		28F976FD29EB2831006A5514 /* KeyboardAppearance.swift in Sources */ = {isa = PBXBuildFile; fileRef = 28F976FC29EB2831006A5514 /* KeyboardAppearance.swift */; };
		28F976FF29EB28D9006A5514 /* KeyboardActionHandler.swift in Sources */ = {isa = PBXBuildFile; fileRef = 28F976FE29EB28D9006A5514 /* KeyboardActionHandler.swift */; };
		28F9770129EB2953006A5514 /* KeyboardLayoutProvider.swift in Sources */ = {isa = PBXBuildFile; fileRef = 28F9770029EB2953006A5514 /* KeyboardLayoutProvider.swift */; };
		68854CC89750F8DB4C6749B6 /* libPods-LexiaKeyboard.a in Frameworks */ = {isa = PBXBuildFile; fileRef = 88EB272A00DCDC942D48BCA8 /* libPods-LexiaKeyboard.a */; };
/* End PBXBuildFile section */

/* Begin PBXContainerItemProxy section */
		2806988529D0F520007F5702 /* PBXContainerItemProxy */ = {
			isa = PBXContainerItemProxy;
			containerPortal = 2806986C29D0F51E007F5702 /* Project object */;
			proxyType = 1;
			remoteGlobalIDString = 2806987329D0F51E007F5702;
			remoteInfo = lexia;
		};
		2806988F29D0F520007F5702 /* PBXContainerItemProxy */ = {
			isa = PBXContainerItemProxy;
			containerPortal = 2806986C29D0F51E007F5702 /* Project object */;
			proxyType = 1;
			remoteGlobalIDString = 2806987329D0F51E007F5702;
			remoteInfo = lexia;
		};
		280698AA29D0F680007F5702 /* PBXContainerItemProxy */ = {
			isa = PBXContainerItemProxy;
			containerPortal = 2806986C29D0F51E007F5702 /* Project object */;
			proxyType = 1;
			remoteGlobalIDString = 280698A429D0F680007F5702;
			remoteInfo = LexiaKeyboard;
		};
/* End PBXContainerItemProxy section */

/* Begin PBXCopyFilesBuildPhase section */
		280698B029D0F680007F5702 /* Embed App Extensions */ = {
			isa = PBXCopyFilesBuildPhase;
			buildActionMask = 2147483647;
			dstPath = "";
			dstSubfolderSpec = 13;
			files = (
				280698AC29D0F680007F5702 /* LexiaKeyboard.appex in Embed App Extensions */,
			);
			name = "Embed App Extensions";
			runOnlyForDeploymentPostprocessing = 0;
		};
/* End PBXCopyFilesBuildPhase section */

/* Begin PBXFileReference section */
		261311ED250E4D0FDEAD718F /* libPods-lexia.a */ = {isa = PBXFileReference; explicitFileType = archive.ar; includeInIndex = 0; path = "libPods-lexia.a"; sourceTree = BUILT_PRODUCTS_DIR; };
		2806987429D0F51E007F5702 /* lexia.app */ = {isa = PBXFileReference; explicitFileType = wrapper.application; includeInIndex = 0; path = lexia.app; sourceTree = BUILT_PRODUCTS_DIR; };
		2806987729D0F51E007F5702 /* lexiaApp.swift */ = {isa = PBXFileReference; lastKnownFileType = sourcecode.swift; path = lexiaApp.swift; sourceTree = "<group>"; };
		2806987929D0F51E007F5702 /* ContentView.swift */ = {isa = PBXFileReference; lastKnownFileType = sourcecode.swift; path = ContentView.swift; sourceTree = "<group>"; };
		2806987B29D0F51F007F5702 /* Assets.xcassets */ = {isa = PBXFileReference; lastKnownFileType = folder.assetcatalog; path = Assets.xcassets; sourceTree = "<group>"; };
		2806987E29D0F51F007F5702 /* Preview Assets.xcassets */ = {isa = PBXFileReference; lastKnownFileType = folder.assetcatalog; path = "Preview Assets.xcassets"; sourceTree = "<group>"; };
		2806988429D0F520007F5702 /* lexiaTests.xctest */ = {isa = PBXFileReference; explicitFileType = wrapper.cfbundle; includeInIndex = 0; path = lexiaTests.xctest; sourceTree = BUILT_PRODUCTS_DIR; };
		2806988E29D0F520007F5702 /* lexiaUITests.xctest */ = {isa = PBXFileReference; explicitFileType = wrapper.cfbundle; includeInIndex = 0; path = lexiaUITests.xctest; sourceTree = BUILT_PRODUCTS_DIR; };
		280698A529D0F680007F5702 /* LexiaKeyboard.appex */ = {isa = PBXFileReference; explicitFileType = "wrapper.app-extension"; includeInIndex = 0; path = LexiaKeyboard.appex; sourceTree = BUILT_PRODUCTS_DIR; };
		280698A729D0F680007F5702 /* KeyboardViewController.swift */ = {isa = PBXFileReference; lastKnownFileType = sourcecode.swift; path = KeyboardViewController.swift; sourceTree = "<group>"; };
		280698A929D0F680007F5702 /* Info.plist */ = {isa = PBXFileReference; lastKnownFileType = text.plist.xml; path = Info.plist; sourceTree = "<group>"; };
		28F976FC29EB2831006A5514 /* KeyboardAppearance.swift */ = {isa = PBXFileReference; lastKnownFileType = sourcecode.swift; path = KeyboardAppearance.swift; sourceTree = "<group>"; };
		28F976FE29EB28D9006A5514 /* KeyboardActionHandler.swift */ = {isa = PBXFileReference; lastKnownFileType = sourcecode.swift; path = KeyboardActionHandler.swift; sourceTree = "<group>"; };
		28F9770029EB2953006A5514 /* KeyboardLayoutProvider.swift */ = {isa = PBXFileReference; lastKnownFileType = sourcecode.swift; path = KeyboardLayoutProvider.swift; sourceTree = "<group>"; };
		4DC8CD8AEFB4C3C32207C1F9 /* Pods-lexia.debug.xcconfig */ = {isa = PBXFileReference; includeInIndex = 1; lastKnownFileType = text.xcconfig; name = "Pods-lexia.debug.xcconfig"; path = "Target Support Files/Pods-lexia/Pods-lexia.debug.xcconfig"; sourceTree = "<group>"; };
		65D2EF3D81A17C2061192073 /* Pods-LexiaKeyboard.release.xcconfig */ = {isa = PBXFileReference; includeInIndex = 1; lastKnownFileType = text.xcconfig; name = "Pods-LexiaKeyboard.release.xcconfig"; path = "Target Support Files/Pods-LexiaKeyboard/Pods-LexiaKeyboard.release.xcconfig"; sourceTree = "<group>"; };
		88EB272A00DCDC942D48BCA8 /* libPods-LexiaKeyboard.a */ = {isa = PBXFileReference; explicitFileType = archive.ar; includeInIndex = 0; path = "libPods-LexiaKeyboard.a"; sourceTree = BUILT_PRODUCTS_DIR; };
		B30A7ED3149F658A5463A04B /* Pods-LexiaKeyboard.debug.xcconfig */ = {isa = PBXFileReference; includeInIndex = 1; lastKnownFileType = text.xcconfig; name = "Pods-LexiaKeyboard.debug.xcconfig"; path = "Target Support Files/Pods-LexiaKeyboard/Pods-LexiaKeyboard.debug.xcconfig"; sourceTree = "<group>"; };
		B6CEF5C98AE38FD6EF4D9850 /* Pods-lexia.release.xcconfig */ = {isa = PBXFileReference; includeInIndex = 1; lastKnownFileType = text.xcconfig; name = "Pods-lexia.release.xcconfig"; path = "Target Support Files/Pods-lexia/Pods-lexia.release.xcconfig"; sourceTree = "<group>"; };
/* End PBXFileReference section */

/* Begin PBXFrameworksBuildPhase section */
		2806987129D0F51E007F5702 /* Frameworks */ = {
			isa = PBXFrameworksBuildPhase;
			buildActionMask = 2147483647;
			files = (
				13F28152CB663365F56CF2F4 /* libPods-lexia.a in Frameworks */,
			);
			runOnlyForDeploymentPostprocessing = 0;
		};
		2806988129D0F520007F5702 /* Frameworks */ = {
			isa = PBXFrameworksBuildPhase;
			buildActionMask = 2147483647;
			files = (
			);
			runOnlyForDeploymentPostprocessing = 0;
		};
		2806988B29D0F520007F5702 /* Frameworks */ = {
			isa = PBXFrameworksBuildPhase;
			buildActionMask = 2147483647;
			files = (
			);
			runOnlyForDeploymentPostprocessing = 0;
		};
		280698A229D0F680007F5702 /* Frameworks */ = {
			isa = PBXFrameworksBuildPhase;
			buildActionMask = 2147483647;
			files = (
				68854CC89750F8DB4C6749B6 /* libPods-LexiaKeyboard.a in Frameworks */,
			);
			runOnlyForDeploymentPostprocessing = 0;
		};
/* End PBXFrameworksBuildPhase section */

/* Begin PBXGroup section */
		2806986B29D0F51E007F5702 = {
			isa = PBXGroup;
			children = (
				2806987629D0F51E007F5702 /* lexia */,
				280698A629D0F680007F5702 /* LexiaKeyboard */,
				2806987529D0F51E007F5702 /* Products */,
				B67E0BBDFB314DF099110EB4 /* Pods */,
				4402033E17525864EF763CCA /* Frameworks */,
			);
			sourceTree = "<group>";
		};
		2806987529D0F51E007F5702 /* Products */ = {
			isa = PBXGroup;
			children = (
				2806987429D0F51E007F5702 /* lexia.app */,
				2806988429D0F520007F5702 /* lexiaTests.xctest */,
				2806988E29D0F520007F5702 /* lexiaUITests.xctest */,
				280698A529D0F680007F5702 /* LexiaKeyboard.appex */,
			);
			name = Products;
			sourceTree = "<group>";
		};
		2806987629D0F51E007F5702 /* lexia */ = {
			isa = PBXGroup;
			children = (
				2806987729D0F51E007F5702 /* lexiaApp.swift */,
				2806987929D0F51E007F5702 /* ContentView.swift */,
				2806987B29D0F51F007F5702 /* Assets.xcassets */,
				2806987D29D0F51F007F5702 /* Preview Content */,
			);
			path = lexia;
			sourceTree = "<group>";
		};
		2806987D29D0F51F007F5702 /* Preview Content */ = {
			isa = PBXGroup;
			children = (
				2806987E29D0F51F007F5702 /* Preview Assets.xcassets */,
			);
			path = "Preview Content";
			sourceTree = "<group>";
		};
		280698A629D0F680007F5702 /* LexiaKeyboard */ = {
			isa = PBXGroup;
			children = (
				280698A729D0F680007F5702 /* KeyboardViewController.swift */,
				280698A929D0F680007F5702 /* Info.plist */,
				28F976FC29EB2831006A5514 /* KeyboardAppearance.swift */,
				28F976FE29EB28D9006A5514 /* KeyboardActionHandler.swift */,
				28F9770029EB2953006A5514 /* KeyboardLayoutProvider.swift */,
			);
			path = LexiaKeyboard;
			sourceTree = "<group>";
		};
		4402033E17525864EF763CCA /* Frameworks */ = {
			isa = PBXGroup;
			children = (
				88EB272A00DCDC942D48BCA8 /* libPods-LexiaKeyboard.a */,
				261311ED250E4D0FDEAD718F /* libPods-lexia.a */,
			);
			name = Frameworks;
			sourceTree = "<group>";
		};
		B67E0BBDFB314DF099110EB4 /* Pods */ = {
			isa = PBXGroup;
			children = (
				4DC8CD8AEFB4C3C32207C1F9 /* Pods-lexia.debug.xcconfig */,
				B6CEF5C98AE38FD6EF4D9850 /* Pods-lexia.release.xcconfig */,
				B30A7ED3149F658A5463A04B /* Pods-LexiaKeyboard.debug.xcconfig */,
				65D2EF3D81A17C2061192073 /* Pods-LexiaKeyboard.release.xcconfig */,
			);
			path = Pods;
			sourceTree = "<group>";
		};
/* End PBXGroup section */

/* Begin PBXNativeTarget section */
		2806987329D0F51E007F5702 /* lexia */ = {
			isa = PBXNativeTarget;
			buildConfigurationList = 2806989829D0F520007F5702 /* Build configuration list for PBXNativeTarget "lexia" */;
			buildPhases = (
				6BAA84AC46ED3A0A261513F6 /* [CP] Check Pods Manifest.lock */,
				2806987029D0F51E007F5702 /* Sources */,
				2806987129D0F51E007F5702 /* Frameworks */,
				2806987229D0F51E007F5702 /* Resources */,
				280698B029D0F680007F5702 /* Embed App Extensions */,
				0BAE47ABC58A21D6FC971F67 /* [CP] Copy Pods Resources */,
			);
			buildRules = (
			);
			dependencies = (
				280698AB29D0F680007F5702 /* PBXTargetDependency */,
			);
			name = lexia;
			productName = lexia;
			productReference = 2806987429D0F51E007F5702 /* lexia.app */;
			productType = "com.apple.product-type.application";
		};
		2806988329D0F520007F5702 /* lexiaTests */ = {
			isa = PBXNativeTarget;
			buildConfigurationList = 2806989B29D0F520007F5702 /* Build configuration list for PBXNativeTarget "lexiaTests" */;
			buildPhases = (
				2806988029D0F520007F5702 /* Sources */,
				2806988129D0F520007F5702 /* Frameworks */,
				2806988229D0F520007F5702 /* Resources */,
			);
			buildRules = (
			);
			dependencies = (
				2806988629D0F520007F5702 /* PBXTargetDependency */,
			);
			name = lexiaTests;
			productName = lexiaTests;
			productReference = 2806988429D0F520007F5702 /* lexiaTests.xctest */;
			productType = "com.apple.product-type.bundle.unit-test";
		};
		2806988D29D0F520007F5702 /* lexiaUITests */ = {
			isa = PBXNativeTarget;
			buildConfigurationList = 2806989E29D0F520007F5702 /* Build configuration list for PBXNativeTarget "lexiaUITests" */;
			buildPhases = (
				2806988A29D0F520007F5702 /* Sources */,
				2806988B29D0F520007F5702 /* Frameworks */,
				2806988C29D0F520007F5702 /* Resources */,
			);
			buildRules = (
			);
			dependencies = (
				2806989029D0F520007F5702 /* PBXTargetDependency */,
			);
			name = lexiaUITests;
			productName = lexiaUITests;
			productReference = 2806988E29D0F520007F5702 /* lexiaUITests.xctest */;
			productType = "com.apple.product-type.bundle.ui-testing";
		};
		280698A429D0F680007F5702 /* LexiaKeyboard */ = {
			isa = PBXNativeTarget;
			buildConfigurationList = 280698AD29D0F680007F5702 /* Build configuration list for PBXNativeTarget "LexiaKeyboard" */;
			buildPhases = (
				B882E9A952F71A0CF2EAE3F3 /* [CP] Check Pods Manifest.lock */,
				280698A129D0F680007F5702 /* Sources */,
				280698A229D0F680007F5702 /* Frameworks */,
				280698A329D0F680007F5702 /* Resources */,
				4954F5BF484BB6F7DF534DF2 /* [CP] Copy Pods Resources */,
			);
			buildRules = (
			);
			dependencies = (
			);
			name = LexiaKeyboard;
			productName = LexiaKeyboard;
			productReference = 280698A529D0F680007F5702 /* LexiaKeyboard.appex */;
			productType = "com.apple.product-type.app-extension";
		};
/* End PBXNativeTarget section */

/* Begin PBXProject section */
		2806986C29D0F51E007F5702 /* Project object */ = {
			isa = PBXProject;
			attributes = {
				BuildIndependentTargetsInParallel = 1;
				LastSwiftUpdateCheck = 1310;
				LastUpgradeCheck = 1310;
				TargetAttributes = {
					2806987329D0F51E007F5702 = {
						CreatedOnToolsVersion = 13.1;
					};
					2806988329D0F520007F5702 = {
						CreatedOnToolsVersion = 13.1;
						TestTargetID = 2806987329D0F51E007F5702;
					};
					2806988D29D0F520007F5702 = {
						CreatedOnToolsVersion = 13.1;
						TestTargetID = 2806987329D0F51E007F5702;
					};
					280698A429D0F680007F5702 = {
						CreatedOnToolsVersion = 13.1;
					};
				};
			};
			buildConfigurationList = 2806986F29D0F51E007F5702 /* Build configuration list for PBXProject "lexia" */;
			compatibilityVersion = "Xcode 13.0";
			developmentRegion = en;
			hasScannedForEncodings = 0;
			knownRegions = (
				en,
				Base,
			);
			mainGroup = 2806986B29D0F51E007F5702;
			productRefGroup = 2806987529D0F51E007F5702 /* Products */;
			projectDirPath = "";
			projectRoot = "";
			targets = (
				2806987329D0F51E007F5702 /* lexia */,
				2806988329D0F520007F5702 /* lexiaTests */,
				2806988D29D0F520007F5702 /* lexiaUITests */,
				280698A429D0F680007F5702 /* LexiaKeyboard */,
			);
		};
/* End PBXProject section */

/* Begin PBXResourcesBuildPhase section */
		2806987229D0F51E007F5702 /* Resources */ = {
			isa = PBXResourcesBuildPhase;
			buildActionMask = 2147483647;
			files = (
				2806987F29D0F51F007F5702 /* Preview Assets.xcassets in Resources */,
				2806987C29D0F51F007F5702 /* Assets.xcassets in Resources */,
			);
			runOnlyForDeploymentPostprocessing = 0;
		};
		2806988229D0F520007F5702 /* Resources */ = {
			isa = PBXResourcesBuildPhase;
			buildActionMask = 2147483647;
			files = (
			);
			runOnlyForDeploymentPostprocessing = 0;
		};
		2806988C29D0F520007F5702 /* Resources */ = {
			isa = PBXResourcesBuildPhase;
			buildActionMask = 2147483647;
			files = (
			);
			runOnlyForDeploymentPostprocessing = 0;
		};
		280698A329D0F680007F5702 /* Resources */ = {
			isa = PBXResourcesBuildPhase;
			buildActionMask = 2147483647;
			files = (
			);
			runOnlyForDeploymentPostprocessing = 0;
		};
/* End PBXResourcesBuildPhase section */

/* Begin PBXShellScriptBuildPhase section */
		0BAE47ABC58A21D6FC971F67 /* [CP] Copy Pods Resources */ = {
			isa = PBXShellScriptBuildPhase;
			buildActionMask = 2147483647;
			files = (
			);
			inputFileListPaths = (
				"${PODS_ROOT}/Target Support Files/Pods-lexia/Pods-lexia-resources-${CONFIGURATION}-input-files.xcfilelist",
			);
			name = "[CP] Copy Pods Resources";
			outputFileListPaths = (
				"${PODS_ROOT}/Target Support Files/Pods-lexia/Pods-lexia-resources-${CONFIGURATION}-output-files.xcfilelist",
			);
			runOnlyForDeploymentPostprocessing = 0;
			shellPath = /bin/sh;
			shellScript = "\"${PODS_ROOT}/Target Support Files/Pods-lexia/Pods-lexia-resources.sh\"\n";
			showEnvVarsInLog = 0;
		};
		4954F5BF484BB6F7DF534DF2 /* [CP] Copy Pods Resources */ = {
			isa = PBXShellScriptBuildPhase;
			buildActionMask = 2147483647;
			files = (
			);
			inputFileListPaths = (
				"${PODS_ROOT}/Target Support Files/Pods-LexiaKeyboard/Pods-LexiaKeyboard-resources-${CONFIGURATION}-input-files.xcfilelist",
			);
			name = "[CP] Copy Pods Resources";
			outputFileListPaths = (
				"${PODS_ROOT}/Target Support Files/Pods-LexiaKeyboard/Pods-LexiaKeyboard-resources-${CONFIGURATION}-output-files.xcfilelist",
			);
			runOnlyForDeploymentPostprocessing = 0;
			shellPath = /bin/sh;
			shellScript = "\"${PODS_ROOT}/Target Support Files/Pods-LexiaKeyboard/Pods-LexiaKeyboard-resources.sh\"\n";
			showEnvVarsInLog = 0;
		};
		6BAA84AC46ED3A0A261513F6 /* [CP] Check Pods Manifest.lock */ = {
			isa = PBXShellScriptBuildPhase;
			buildActionMask = 2147483647;
			files = (
			);
			inputFileListPaths = (
			);
			inputPaths = (
				"${PODS_PODFILE_DIR_PATH}/Podfile.lock",
				"${PODS_ROOT}/Manifest.lock",
			);
			name = "[CP] Check Pods Manifest.lock";
			outputFileListPaths = (
			);
			outputPaths = (
				"$(DERIVED_FILE_DIR)/Pods-lexia-checkManifestLockResult.txt",
			);
			runOnlyForDeploymentPostprocessing = 0;
			shellPath = /bin/sh;
			shellScript = "diff \"${PODS_PODFILE_DIR_PATH}/Podfile.lock\" \"${PODS_ROOT}/Manifest.lock\" > /dev/null\nif [ $? != 0 ] ; then\n    # print error to STDERR\n    echo \"error: The sandbox is not in sync with the Podfile.lock. Run 'pod install' or update your CocoaPods installation.\" >&2\n    exit 1\nfi\n# This output is used by Xcode 'outputs' to avoid re-running this script phase.\necho \"SUCCESS\" > \"${SCRIPT_OUTPUT_FILE_0}\"\n";
			showEnvVarsInLog = 0;
		};
		B882E9A952F71A0CF2EAE3F3 /* [CP] Check Pods Manifest.lock */ = {
			isa = PBXShellScriptBuildPhase;
			buildActionMask = 2147483647;
			files = (
			);
			inputFileListPaths = (
			);
			inputPaths = (
				"${PODS_PODFILE_DIR_PATH}/Podfile.lock",
				"${PODS_ROOT}/Manifest.lock",
			);
			name = "[CP] Check Pods Manifest.lock";
			outputFileListPaths = (
			);
			outputPaths = (
				"$(DERIVED_FILE_DIR)/Pods-LexiaKeyboard-checkManifestLockResult.txt",
			);
			runOnlyForDeploymentPostprocessing = 0;
			shellPath = /bin/sh;
			shellScript = "diff \"${PODS_PODFILE_DIR_PATH}/Podfile.lock\" \"${PODS_ROOT}/Manifest.lock\" > /dev/null\nif [ $? != 0 ] ; then\n    # print error to STDERR\n    echo \"error: The sandbox is not in sync with the Podfile.lock. Run 'pod install' or update your CocoaPods installation.\" >&2\n    exit 1\nfi\n# This output is used by Xcode 'outputs' to avoid re-running this script phase.\necho \"SUCCESS\" > \"${SCRIPT_OUTPUT_FILE_0}\"\n";
			showEnvVarsInLog = 0;
		};
/* End PBXShellScriptBuildPhase section */

/* Begin PBXSourcesBuildPhase section */
		2806987029D0F51E007F5702 /* Sources */ = {
			isa = PBXSourcesBuildPhase;
			buildActionMask = 2147483647;
			files = (
				2806987A29D0F51E007F5702 /* ContentView.swift in Sources */,
				2806987829D0F51E007F5702 /* lexiaApp.swift in Sources */,
			);
			runOnlyForDeploymentPostprocessing = 0;
		};
		2806988029D0F520007F5702 /* Sources */ = {
			isa = PBXSourcesBuildPhase;
			buildActionMask = 2147483647;
			files = (
			);
			runOnlyForDeploymentPostprocessing = 0;
		};
		2806988A29D0F520007F5702 /* Sources */ = {
			isa = PBXSourcesBuildPhase;
			buildActionMask = 2147483647;
			files = (
			);
			runOnlyForDeploymentPostprocessing = 0;
		};
		280698A129D0F680007F5702 /* Sources */ = {
			isa = PBXSourcesBuildPhase;
			buildActionMask = 2147483647;
			files = (
				28F976FD29EB2831006A5514 /* KeyboardAppearance.swift in Sources */,
				28F9770129EB2953006A5514 /* KeyboardLayoutProvider.swift in Sources */,
				28F976FF29EB28D9006A5514 /* KeyboardActionHandler.swift in Sources */,
				280698A829D0F680007F5702 /* KeyboardViewController.swift in Sources */,
			);
			runOnlyForDeploymentPostprocessing = 0;
		};
/* End PBXSourcesBuildPhase section */

/* Begin PBXTargetDependency section */
		2806988629D0F520007F5702 /* PBXTargetDependency */ = {
			isa = PBXTargetDependency;
			target = 2806987329D0F51E007F5702 /* lexia */;
			targetProxy = 2806988529D0F520007F5702 /* PBXContainerItemProxy */;
		};
		2806989029D0F520007F5702 /* PBXTargetDependency */ = {
			isa = PBXTargetDependency;
			target = 2806987329D0F51E007F5702 /* lexia */;
			targetProxy = 2806988F29D0F520007F5702 /* PBXContainerItemProxy */;
		};
		280698AB29D0F680007F5702 /* PBXTargetDependency */ = {
			isa = PBXTargetDependency;
			target = 280698A429D0F680007F5702 /* LexiaKeyboard */;
			targetProxy = 280698AA29D0F680007F5702 /* PBXContainerItemProxy */;
		};
/* End PBXTargetDependency section */

/* Begin XCBuildConfiguration section */
		2806989629D0F520007F5702 /* Debug */ = {
			isa = XCBuildConfiguration;
			buildSettings = {
				ALWAYS_SEARCH_USER_PATHS = NO;
				CLANG_ANALYZER_NONNULL = YES;
				CLANG_ANALYZER_NUMBER_OBJECT_CONVERSION = YES_AGGRESSIVE;
				CLANG_CXX_LANGUAGE_STANDARD = "gnu++17";
				CLANG_CXX_LIBRARY = "libc++";
				CLANG_ENABLE_MODULES = YES;
				CLANG_ENABLE_OBJC_ARC = YES;
				CLANG_ENABLE_OBJC_WEAK = YES;
				CLANG_WARN_BLOCK_CAPTURE_AUTORELEASING = YES;
				CLANG_WARN_BOOL_CONVERSION = YES;
				CLANG_WARN_COMMA = YES;
				CLANG_WARN_CONSTANT_CONVERSION = YES;
				CLANG_WARN_DEPRECATED_OBJC_IMPLEMENTATIONS = YES;
				CLANG_WARN_DIRECT_OBJC_ISA_USAGE = YES_ERROR;
				CLANG_WARN_DOCUMENTATION_COMMENTS = YES;
				CLANG_WARN_EMPTY_BODY = YES;
				CLANG_WARN_ENUM_CONVERSION = YES;
				CLANG_WARN_INFINITE_RECURSION = YES;
				CLANG_WARN_INT_CONVERSION = YES;
				CLANG_WARN_NON_LITERAL_NULL_CONVERSION = YES;
				CLANG_WARN_OBJC_IMPLICIT_RETAIN_SELF = YES;
				CLANG_WARN_OBJC_LITERAL_CONVERSION = YES;
				CLANG_WARN_OBJC_ROOT_CLASS = YES_ERROR;
				CLANG_WARN_QUOTED_INCLUDE_IN_FRAMEWORK_HEADER = YES;
				CLANG_WARN_RANGE_LOOP_ANALYSIS = YES;
				CLANG_WARN_STRICT_PROTOTYPES = YES;
				CLANG_WARN_SUSPICIOUS_MOVE = YES;
				CLANG_WARN_UNGUARDED_AVAILABILITY = YES_AGGRESSIVE;
				CLANG_WARN_UNREACHABLE_CODE = YES;
				CLANG_WARN__DUPLICATE_METHOD_MATCH = YES;
				COPY_PHASE_STRIP = NO;
				DEBUG_INFORMATION_FORMAT = dwarf;
				ENABLE_STRICT_OBJC_MSGSEND = YES;
				ENABLE_TESTABILITY = YES;
				GCC_C_LANGUAGE_STANDARD = gnu11;
				GCC_DYNAMIC_NO_PIC = NO;
				GCC_NO_COMMON_BLOCKS = YES;
				GCC_OPTIMIZATION_LEVEL = 0;
				GCC_PREPROCESSOR_DEFINITIONS = (
					"DEBUG=1",
					"$(inherited)",
				);
				GCC_WARN_64_TO_32_BIT_CONVERSION = YES;
				GCC_WARN_ABOUT_RETURN_TYPE = YES_ERROR;
				GCC_WARN_UNDECLARED_SELECTOR = YES;
				GCC_WARN_UNINITIALIZED_AUTOS = YES_AGGRESSIVE;
				GCC_WARN_UNUSED_FUNCTION = YES;
				GCC_WARN_UNUSED_VARIABLE = YES;
				IPHONEOS_DEPLOYMENT_TARGET = 15.0;
				MTL_ENABLE_DEBUG_INFO = INCLUDE_SOURCE;
				MTL_FAST_MATH = YES;
				ONLY_ACTIVE_ARCH = YES;
				SDKROOT = iphoneos;
				SWIFT_ACTIVE_COMPILATION_CONDITIONS = DEBUG;
				SWIFT_OPTIMIZATION_LEVEL = "-Onone";
			};
			name = Debug;
		};
		2806989729D0F520007F5702 /* Release */ = {
			isa = XCBuildConfiguration;
			buildSettings = {
				ALWAYS_SEARCH_USER_PATHS = NO;
				CLANG_ANALYZER_NONNULL = YES;
				CLANG_ANALYZER_NUMBER_OBJECT_CONVERSION = YES_AGGRESSIVE;
				CLANG_CXX_LANGUAGE_STANDARD = "gnu++17";
				CLANG_CXX_LIBRARY = "libc++";
				CLANG_ENABLE_MODULES = YES;
				CLANG_ENABLE_OBJC_ARC = YES;
				CLANG_ENABLE_OBJC_WEAK = YES;
				CLANG_WARN_BLOCK_CAPTURE_AUTORELEASING = YES;
				CLANG_WARN_BOOL_CONVERSION = YES;
				CLANG_WARN_COMMA = YES;
				CLANG_WARN_CONSTANT_CONVERSION = YES;
				CLANG_WARN_DEPRECATED_OBJC_IMPLEMENTATIONS = YES;
				CLANG_WARN_DIRECT_OBJC_ISA_USAGE = YES_ERROR;
				CLANG_WARN_DOCUMENTATION_COMMENTS = YES;
				CLANG_WARN_EMPTY_BODY = YES;
				CLANG_WARN_ENUM_CONVERSION = YES;
				CLANG_WARN_INFINITE_RECURSION = YES;
				CLANG_WARN_INT_CONVERSION = YES;
				CLANG_WARN_NON_LITERAL_NULL_CONVERSION = YES;
				CLANG_WARN_OBJC_IMPLICIT_RETAIN_SELF = YES;
				CLANG_WARN_OBJC_LITERAL_CONVERSION = YES;
				CLANG_WARN_OBJC_ROOT_CLASS = YES_ERROR;
				CLANG_WARN_QUOTED_INCLUDE_IN_FRAMEWORK_HEADER = YES;
				CLANG_WARN_RANGE_LOOP_ANALYSIS = YES;
				CLANG_WARN_STRICT_PROTOTYPES = YES;
				CLANG_WARN_SUSPICIOUS_MOVE = YES;
				CLANG_WARN_UNGUARDED_AVAILABILITY = YES_AGGRESSIVE;
				CLANG_WARN_UNREACHABLE_CODE = YES;
				CLANG_WARN__DUPLICATE_METHOD_MATCH = YES;
				COPY_PHASE_STRIP = NO;
				DEBUG_INFORMATION_FORMAT = "dwarf-with-dsym";
				ENABLE_NS_ASSERTIONS = NO;
				ENABLE_STRICT_OBJC_MSGSEND = YES;
				GCC_C_LANGUAGE_STANDARD = gnu11;
				GCC_NO_COMMON_BLOCKS = YES;
				GCC_WARN_64_TO_32_BIT_CONVERSION = YES;
				GCC_WARN_ABOUT_RETURN_TYPE = YES_ERROR;
				GCC_WARN_UNDECLARED_SELECTOR = YES;
				GCC_WARN_UNINITIALIZED_AUTOS = YES_AGGRESSIVE;
				GCC_WARN_UNUSED_FUNCTION = YES;
				GCC_WARN_UNUSED_VARIABLE = YES;
				IPHONEOS_DEPLOYMENT_TARGET = 15.0;
				MTL_ENABLE_DEBUG_INFO = NO;
				MTL_FAST_MATH = YES;
				SDKROOT = iphoneos;
				SWIFT_COMPILATION_MODE = wholemodule;
				SWIFT_OPTIMIZATION_LEVEL = "-O";
				VALIDATE_PRODUCT = YES;
			};
			name = Release;
		};
		2806989929D0F520007F5702 /* Debug */ = {
			isa = XCBuildConfiguration;
			baseConfigurationReference = 4DC8CD8AEFB4C3C32207C1F9 /* Pods-lexia.debug.xcconfig */;
			buildSettings = {
				ALWAYS_EMBED_SWIFT_STANDARD_LIBRARIES = YES;
				ASSETCATALOG_COMPILER_APPICON_NAME = AppIcon;
				ASSETCATALOG_COMPILER_GLOBAL_ACCENT_COLOR_NAME = AccentColor;
				CODE_SIGN_STYLE = Automatic;
				CURRENT_PROJECT_VERSION = 1;
				DEVELOPMENT_ASSET_PATHS = "\"lexia/Preview Content\"";
				DEVELOPMENT_TEAM = HTUYV24UTH;
				ENABLE_PREVIEWS = YES;
				GENERATE_INFOPLIST_FILE = YES;
				INFOPLIST_KEY_UIApplicationSceneManifest_Generation = YES;
				INFOPLIST_KEY_UIApplicationSupportsIndirectInputEvents = YES;
				INFOPLIST_KEY_UILaunchScreen_Generation = YES;
				INFOPLIST_KEY_UISupportedInterfaceOrientations_iPad = "UIInterfaceOrientationPortrait UIInterfaceOrientationPortraitUpsideDown UIInterfaceOrientationLandscapeLeft UIInterfaceOrientationLandscapeRight";
				INFOPLIST_KEY_UISupportedInterfaceOrientations_iPhone = "UIInterfaceOrientationPortrait UIInterfaceOrientationLandscapeLeft UIInterfaceOrientationLandscapeRight";
				LD_RUNPATH_SEARCH_PATHS = (
					"$(inherited)",
					"@executable_path/Frameworks",
				);
				MARKETING_VERSION = 1.0;
				PRODUCT_BUNDLE_IDENTIFIER = ibbi.lexia;
				PRODUCT_NAME = "$(TARGET_NAME)";
				SWIFT_EMIT_LOC_STRINGS = YES;
				SWIFT_VERSION = 5.0;
				TARGETED_DEVICE_FAMILY = "1,2";
			};
			name = Debug;
		};
		2806989A29D0F520007F5702 /* Release */ = {
			isa = XCBuildConfiguration;
			baseConfigurationReference = B6CEF5C98AE38FD6EF4D9850 /* Pods-lexia.release.xcconfig */;
			buildSettings = {
				ALWAYS_EMBED_SWIFT_STANDARD_LIBRARIES = YES;
				ASSETCATALOG_COMPILER_APPICON_NAME = AppIcon;
				ASSETCATALOG_COMPILER_GLOBAL_ACCENT_COLOR_NAME = AccentColor;
				CODE_SIGN_STYLE = Automatic;
				CURRENT_PROJECT_VERSION = 1;
				DEVELOPMENT_ASSET_PATHS = "\"lexia/Preview Content\"";
				DEVELOPMENT_TEAM = HTUYV24UTH;
				ENABLE_PREVIEWS = YES;
				GENERATE_INFOPLIST_FILE = YES;
				INFOPLIST_KEY_UIApplicationSceneManifest_Generation = YES;
				INFOPLIST_KEY_UIApplicationSupportsIndirectInputEvents = YES;
				INFOPLIST_KEY_UILaunchScreen_Generation = YES;
				INFOPLIST_KEY_UISupportedInterfaceOrientations_iPad = "UIInterfaceOrientationPortrait UIInterfaceOrientationPortraitUpsideDown UIInterfaceOrientationLandscapeLeft UIInterfaceOrientationLandscapeRight";
				INFOPLIST_KEY_UISupportedInterfaceOrientations_iPhone = "UIInterfaceOrientationPortrait UIInterfaceOrientationLandscapeLeft UIInterfaceOrientationLandscapeRight";
				LD_RUNPATH_SEARCH_PATHS = (
					"$(inherited)",
					"@executable_path/Frameworks",
				);
				MARKETING_VERSION = 1.0;
				PRODUCT_BUNDLE_IDENTIFIER = ibbi.lexia;
				PRODUCT_NAME = "$(TARGET_NAME)";
				SWIFT_EMIT_LOC_STRINGS = YES;
				SWIFT_VERSION = 5.0;
				TARGETED_DEVICE_FAMILY = "1,2";
			};
			name = Release;
		};
		2806989C29D0F520007F5702 /* Debug */ = {
			isa = XCBuildConfiguration;
			buildSettings = {
				ALWAYS_EMBED_SWIFT_STANDARD_LIBRARIES = YES;
				BUNDLE_LOADER = "$(TEST_HOST)";
				CODE_SIGN_STYLE = Automatic;
				CURRENT_PROJECT_VERSION = 1;
				DEVELOPMENT_TEAM = HTUYV24UTH;
				GENERATE_INFOPLIST_FILE = YES;
				IPHONEOS_DEPLOYMENT_TARGET = 15.0;
				LD_RUNPATH_SEARCH_PATHS = (
					"$(inherited)",
					"@executable_path/Frameworks",
					"@loader_path/Frameworks",
				);
				MARKETING_VERSION = 1.0;
				PRODUCT_BUNDLE_IDENTIFIER = ibbi.lexiaTests;
				PRODUCT_NAME = "$(TARGET_NAME)";
				SWIFT_EMIT_LOC_STRINGS = NO;
				SWIFT_VERSION = 5.0;
				TARGETED_DEVICE_FAMILY = "1,2";
				TEST_HOST = "$(BUILT_PRODUCTS_DIR)/lexia.app/lexia";
			};
			name = Debug;
		};
		2806989D29D0F520007F5702 /* Release */ = {
			isa = XCBuildConfiguration;
			buildSettings = {
				ALWAYS_EMBED_SWIFT_STANDARD_LIBRARIES = YES;
				BUNDLE_LOADER = "$(TEST_HOST)";
				CODE_SIGN_STYLE = Automatic;
				CURRENT_PROJECT_VERSION = 1;
				DEVELOPMENT_TEAM = HTUYV24UTH;
				GENERATE_INFOPLIST_FILE = YES;
				IPHONEOS_DEPLOYMENT_TARGET = 15.0;
				LD_RUNPATH_SEARCH_PATHS = (
					"$(inherited)",
					"@executable_path/Frameworks",
					"@loader_path/Frameworks",
				);
				MARKETING_VERSION = 1.0;
				PRODUCT_BUNDLE_IDENTIFIER = ibbi.lexiaTests;
				PRODUCT_NAME = "$(TARGET_NAME)";
				SWIFT_EMIT_LOC_STRINGS = NO;
				SWIFT_VERSION = 5.0;
				TARGETED_DEVICE_FAMILY = "1,2";
				TEST_HOST = "$(BUILT_PRODUCTS_DIR)/lexia.app/lexia";
			};
			name = Release;
		};
		2806989F29D0F520007F5702 /* Debug */ = {
			isa = XCBuildConfiguration;
			buildSettings = {
				ALWAYS_EMBED_SWIFT_STANDARD_LIBRARIES = YES;
				CODE_SIGN_STYLE = Automatic;
				CURRENT_PROJECT_VERSION = 1;
				DEVELOPMENT_TEAM = HTUYV24UTH;
				GENERATE_INFOPLIST_FILE = YES;
				LD_RUNPATH_SEARCH_PATHS = (
					"$(inherited)",
					"@executable_path/Frameworks",
					"@loader_path/Frameworks",
				);
				MARKETING_VERSION = 1.0;
				PRODUCT_BUNDLE_IDENTIFIER = ibbi.lexiaUITests;
				PRODUCT_NAME = "$(TARGET_NAME)";
				SWIFT_EMIT_LOC_STRINGS = NO;
				SWIFT_VERSION = 5.0;
				TARGETED_DEVICE_FAMILY = "1,2";
				TEST_TARGET_NAME = lexia;
			};
			name = Debug;
		};
		280698A029D0F520007F5702 /* Release */ = {
			isa = XCBuildConfiguration;
			buildSettings = {
				ALWAYS_EMBED_SWIFT_STANDARD_LIBRARIES = YES;
				CODE_SIGN_STYLE = Automatic;
				CURRENT_PROJECT_VERSION = 1;
				DEVELOPMENT_TEAM = HTUYV24UTH;
				GENERATE_INFOPLIST_FILE = YES;
				LD_RUNPATH_SEARCH_PATHS = (
					"$(inherited)",
					"@executable_path/Frameworks",
					"@loader_path/Frameworks",
				);
				MARKETING_VERSION = 1.0;
				PRODUCT_BUNDLE_IDENTIFIER = ibbi.lexiaUITests;
				PRODUCT_NAME = "$(TARGET_NAME)";
				SWIFT_EMIT_LOC_STRINGS = NO;
				SWIFT_VERSION = 5.0;
				TARGETED_DEVICE_FAMILY = "1,2";
				TEST_TARGET_NAME = lexia;
			};
			name = Release;
		};
		280698AE29D0F680007F5702 /* Debug */ = {
			isa = XCBuildConfiguration;
			baseConfigurationReference = B30A7ED3149F658A5463A04B /* Pods-LexiaKeyboard.debug.xcconfig */;
			buildSettings = {
				CODE_SIGN_STYLE = Automatic;
				CURRENT_PROJECT_VERSION = 1;
				DEVELOPMENT_TEAM = HTUYV24UTH;
				GENERATE_INFOPLIST_FILE = YES;
				INFOPLIST_FILE = LexiaKeyboard/Info.plist;
				INFOPLIST_KEY_CFBundleDisplayName = LexiaKeyboard;
				INFOPLIST_KEY_NSHumanReadableCopyright = "";
				LD_RUNPATH_SEARCH_PATHS = (
					"$(inherited)",
					"@executable_path/Frameworks",
					"@executable_path/../../Frameworks",
				);
				MARKETING_VERSION = 1.0;
				PRODUCT_BUNDLE_IDENTIFIER = ibbi.lexia.LexiaKeyboard;
				PRODUCT_NAME = "$(TARGET_NAME)";
				SKIP_INSTALL = YES;
				SWIFT_EMIT_LOC_STRINGS = YES;
				SWIFT_VERSION = 5.0;
				TARGETED_DEVICE_FAMILY = "1,2";
			};
			name = Debug;
		};
		280698AF29D0F680007F5702 /* Release */ = {
			isa = XCBuildConfiguration;
			baseConfigurationReference = 65D2EF3D81A17C2061192073 /* Pods-LexiaKeyboard.release.xcconfig */;
			buildSettings = {
				CODE_SIGN_STYLE = Automatic;
				CURRENT_PROJECT_VERSION = 1;
				DEVELOPMENT_TEAM = HTUYV24UTH;
				GENERATE_INFOPLIST_FILE = YES;
				INFOPLIST_FILE = LexiaKeyboard/Info.plist;
				INFOPLIST_KEY_CFBundleDisplayName = LexiaKeyboard;
				INFOPLIST_KEY_NSHumanReadableCopyright = "";
				LD_RUNPATH_SEARCH_PATHS = (
					"$(inherited)",
					"@executable_path/Frameworks",
					"@executable_path/../../Frameworks",
				);
				MARKETING_VERSION = 1.0;
				PRODUCT_BUNDLE_IDENTIFIER = ibbi.lexia.LexiaKeyboard;
				PRODUCT_NAME = "$(TARGET_NAME)";
				SKIP_INSTALL = YES;
				SWIFT_EMIT_LOC_STRINGS = YES;
				SWIFT_VERSION = 5.0;
				TARGETED_DEVICE_FAMILY = "1,2";
			};
			name = Release;
		};
/* End XCBuildConfiguration section */

/* Begin XCConfigurationList section */
		2806986F29D0F51E007F5702 /* Build configuration list for PBXProject "lexia" */ = {
			isa = XCConfigurationList;
			buildConfigurations = (
				2806989629D0F520007F5702 /* Debug */,
				2806989729D0F520007F5702 /* Release */,
			);
			defaultConfigurationIsVisible = 0;
			defaultConfigurationName = Release;
		};
		2806989829D0F520007F5702 /* Build configuration list for PBXNativeTarget "lexia" */ = {
			isa = XCConfigurationList;
			buildConfigurations = (
				2806989929D0F520007F5702 /* Debug */,
				2806989A29D0F520007F5702 /* Release */,
			);
			defaultConfigurationIsVisible = 0;
			defaultConfigurationName = Release;
		};
		2806989B29D0F520007F5702 /* Build configuration list for PBXNativeTarget "lexiaTests" */ = {
			isa = XCConfigurationList;
			buildConfigurations = (
				2806989C29D0F520007F5702 /* Debug */,
				2806989D29D0F520007F5702 /* Release */,
			);
			defaultConfigurationIsVisible = 0;
			defaultConfigurationName = Release;
		};
		2806989E29D0F520007F5702 /* Build configuration list for PBXNativeTarget "lexiaUITests" */ = {
			isa = XCConfigurationList;
			buildConfigurations = (
				2806989F29D0F520007F5702 /* Debug */,
				280698A029D0F520007F5702 /* Release */,
			);
			defaultConfigurationIsVisible = 0;
			defaultConfigurationName = Release;
		};
		280698AD29D0F680007F5702 /* Build configuration list for PBXNativeTarget "LexiaKeyboard" */ = {
			isa = XCConfigurationList;
			buildConfigurations = (
				280698AE29D0F680007F5702 /* Debug */,
				280698AF29D0F680007F5702 /* Release */,
			);
			defaultConfigurationIsVisible = 0;
			defaultConfigurationName = Release;
		};
/* End XCConfigurationList section */
	};
	rootObject = 2806986C29D0F51E007F5702 /* Project object */;
}
